
Microsoft Visual Studio Solution File, Format Version 12.00
# Visual Studio 15
VisualStudioVersion = 15.0.26730.3
MinimumVisualStudioVersion = 10.0.40219.1
Project("{9A19103F-16F7-4668-BE54-9A1E7A4F7556}") = "Person_Project.Authorize_Service", "Person_Project.Authorize_Service\Person_Project.Authorize_Service.csproj", "{B67D29B7-3494-43B2-AE5C-792F99888827}"
EndProject
Project("{FAE04EC0-301F-11D3-BF4B-00C04F79EFBC}") = "Person_Project.Authorize_Service.Data", "Person_Project.Authorize_Service.Data\Person_Project.Authorize_Service.Data.csproj", "{A7647494-94FA-4E0F-93BA-985FF468645E}"
EndProject
Project("{FAE04EC0-301F-11D3-BF4B-00C04F79EFBC}") = "Person_Project.Authorize_Service.Service", "Person_Project.Authorize_Service.Service\Person_Project.Authorize_Service.Service.csproj", "{4AE6D8CB-D317-411D-B895-E8769159864D}"
EndProject
Global
	GlobalSection(SolutionConfigurationPlatforms) = preSolution
		Debug|Any CPU = Debug|Any CPU
		Release|Any CPU = Release|Any CPU
	EndGlobalSection
	GlobalSection(ProjectConfigurationPlatforms) = postSolution
		{B67D29B7-3494-43B2-AE5C-792F99888827}.Debug|Any CPU.ActiveCfg = Debug|Any CPU
		{B67D29B7-3494-43B2-AE5C-792F99888827}.Debug|Any CPU.Build.0 = Debug|Any CPU
		{B67D29B7-3494-43B2-AE5C-792F99888827}.Release|Any CPU.ActiveCfg = Release|Any CPU
		{B67D29B7-3494-43B2-AE5C-792F99888827}.Release|Any CPU.Build.0 = Release|Any CPU
		{A7647494-94FA-4E0F-93BA-985FF468645E}.Debug|Any CPU.ActiveCfg = Debug|Any CPU
		{A7647494-94FA-4E0F-93BA-985FF468645E}.Debug|Any CPU.Build.0 = Debug|Any CPU
		{A7647494-94FA-4E0F-93BA-985FF468645E}.Release|Any CPU.ActiveCfg = Release|Any CPU
		{A7647494-94FA-4E0F-93BA-985FF468645E}.Release|Any CPU.Build.0 = Release|Any CPU
		{4AE6D8CB-D317-411D-B895-E8769159864D}.Debug|Any CPU.ActiveCfg = Debug|Any CPU
		{4AE6D8CB-D317-411D-B895-E8769159864D}.Debug|Any CPU.Build.0 = Debug|Any CPU
		{4AE6D8CB-D317-411D-B895-E8769159864D}.Release|Any CPU.ActiveCfg = Release|Any CPU
		{4AE6D8CB-D317-411D-B895-E8769159864D}.Release|Any CPU.Build.0 = Release|Any CPU
	EndGlobalSection
	GlobalSection(SolutionProperties) = preSolution
		HideSolutionNode = FALSE
	EndGlobalSection
	GlobalSection(ExtensibilityGlobals) = postSolution
		SolutionGuid = {F59CBC10-91B7-41AC-9E81-21BCBF4F5008}
	EndGlobalSection
EndGlobal
